
Microsoft Visual Studio Solution File, Format Version 12.00
# Visual Studio 2012
Project("{8BC9CEB8-8B4A-11D0-8D11-00A0C91BC942}") = "AWHK", "AWHK\AWHK.vcxproj", "{6C76DD89-2541-48FB-B006-A6D01D17C458}"
	ProjectSection(ProjectDependencies) = postProject
		{BA92561F-0CB1-4A9D-A47A-C375F0DE8ADC} = {BA92561F-0CB1-4A9D-A47A-C375F0DE8ADC}
		{6D9119AC-693C-4338-8000-BE2704FCC5F1} = {6D9119AC-693C-4338-8000-BE2704FCC5F1}
	EndProjectSection
EndProject
Project("{8BC9CEB8-8B4A-11D0-8D11-00A0C91BC942}") = "AWHKConfig", "AWHKConfig\AWHKConfig.vcxproj", "{6D9119AC-693C-4338-8000-BE2704FCC5F1}"
	ProjectSection(ProjectDependencies) = postProject
		{BA92561F-0CB1-4A9D-A47A-C375F0DE8ADC} = {BA92561F-0CB1-4A9D-A47A-C375F0DE8ADC}
	EndProjectSection
EndProject
Project("{2150E333-8FDC-42A3-9474-1A3956D46DE8}") = "Solution Items", "Solution Items", "{223121A3-A659-4D47-B515-FBCD5C4C6B2B}"
	ProjectSection(SolutionItems) = preProject
		index.html = index.html
		README.md = README.md
		Help\style.css = Help\style.css
	EndProjectSection
EndProject
Project("{8BC9CEB8-8B4A-11D0-8D11-00A0C91BC942}") = "AWHKShared", "AWHKShared\AWHKShared.vcxproj", "{BA92561F-0CB1-4A9D-A47A-C375F0DE8ADC}"
EndProject
Project("{6141683F-8A12-4E36-9623-2EB02B2C2303}") = "AWHKSetupAndDeploy", "AWHKSetupAndDeploy\AWHKSetupAndDeploy.isproj", "{5CFB0EE7-BA60-402D-997E-4B5805A4F4BA}"
	ProjectSection(ProjectDependencies) = postProject
		{6C76DD89-2541-48FB-B006-A6D01D17C458} = {6C76DD89-2541-48FB-B006-A6D01D17C458}
		{6D9119AC-693C-4338-8000-BE2704FCC5F1} = {6D9119AC-693C-4338-8000-BE2704FCC5F1}
	EndProjectSection
EndProject
Project("{FAE04EC0-301F-11D3-BF4B-00C04F79EFBC}") = "AWHKConfigApp", "AWHKConfigApp\AWHKConfigApp.csproj", "{3DA913E6-C757-420E-9F5E-503F4C4794BD}"
EndProject
Project("{8BC9CEB8-8B4A-11D0-8D11-00A0C91BC942}") = "AWHKConfigShared", "AWHKConfigShared\AWHKConfigShared.vcxproj", "{38F94816-A713-44DB-BD64-0794F85FACD7}"
EndProject
Project("{FAE04EC0-301F-11D3-BF4B-00C04F79EFBC}") = "HotKeyCustomControlLibrary", "HotKeyCustomControlLibrary\HotKeyCustomControlLibrary.csproj", "{299FD6CC-916F-4872-A6B0-05DAC19CDD3B}"
EndProject
Global
	GlobalSection(SolutionConfigurationPlatforms) = preSolution
		Debug|Any CPU = Debug|Any CPU
		Debug|Mixed Platforms = Debug|Mixed Platforms
		Debug|Win32 = Debug|Win32
		Release|Any CPU = Release|Any CPU
		Release|Mixed Platforms = Release|Mixed Platforms
		Release|Win32 = Release|Win32
	EndGlobalSection
	GlobalSection(ProjectConfigurationPlatforms) = postSolution
		{6C76DD89-2541-48FB-B006-A6D01D17C458}.Debug|Any CPU.ActiveCfg = Debug|Win32
		{6C76DD89-2541-48FB-B006-A6D01D17C458}.Debug|Mixed Platforms.ActiveCfg = Debug|Win32
		{6C76DD89-2541-48FB-B006-A6D01D17C458}.Debug|Mixed Platforms.Build.0 = Debug|Win32
		{6C76DD89-2541-48FB-B006-A6D01D17C458}.Debug|Win32.ActiveCfg = Debug|Win32
		{6C76DD89-2541-48FB-B006-A6D01D17C458}.Debug|Win32.Build.0 = Debug|Win32
		{6C76DD89-2541-48FB-B006-A6D01D17C458}.Release|Any CPU.ActiveCfg = Release|Win32
		{6C76DD89-2541-48FB-B006-A6D01D17C458}.Release|Mixed Platforms.ActiveCfg = Release|Win32
		{6C76DD89-2541-48FB-B006-A6D01D17C458}.Release|Mixed Platforms.Build.0 = Release|Win32
		{6C76DD89-2541-48FB-B006-A6D01D17C458}.Release|Win32.ActiveCfg = Release|Win32
		{6C76DD89-2541-48FB-B006-A6D01D17C458}.Release|Win32.Build.0 = Release|Win32
		{6D9119AC-693C-4338-8000-BE2704FCC5F1}.Debug|Any CPU.ActiveCfg = Debug|Win32
		{6D9119AC-693C-4338-8000-BE2704FCC5F1}.Debug|Mixed Platforms.ActiveCfg = Debug|Win32
		{6D9119AC-693C-4338-8000-BE2704FCC5F1}.Debug|Mixed Platforms.Build.0 = Debug|Win32
		{6D9119AC-693C-4338-8000-BE2704FCC5F1}.Debug|Win32.ActiveCfg = Debug|Win32
		{6D9119AC-693C-4338-8000-BE2704FCC5F1}.Debug|Win32.Build.0 = Debug|Win32
		{6D9119AC-693C-4338-8000-BE2704FCC5F1}.Release|Any CPU.ActiveCfg = Release|Win32
		{6D9119AC-693C-4338-8000-BE2704FCC5F1}.Release|Mixed Platforms.ActiveCfg = Release|Win32
		{6D9119AC-693C-4338-8000-BE2704FCC5F1}.Release|Mixed Platforms.Build.0 = Release|Win32
		{6D9119AC-693C-4338-8000-BE2704FCC5F1}.Release|Win32.ActiveCfg = Release|Win32
		{6D9119AC-693C-4338-8000-BE2704FCC5F1}.Release|Win32.Build.0 = Release|Win32
		{BA92561F-0CB1-4A9D-A47A-C375F0DE8ADC}.Debug|Any CPU.ActiveCfg = Debug|Win32
		{BA92561F-0CB1-4A9D-A47A-C375F0DE8ADC}.Debug|Mixed Platforms.ActiveCfg = Debug|Win32
		{BA92561F-0CB1-4A9D-A47A-C375F0DE8ADC}.Debug|Mixed Platforms.Build.0 = Debug|Win32
		{BA92561F-0CB1-4A9D-A47A-C375F0DE8ADC}.Debug|Win32.ActiveCfg = Debug|Win32
		{BA92561F-0CB1-4A9D-A47A-C375F0DE8ADC}.Debug|Win32.Build.0 = Debug|Win32
		{BA92561F-0CB1-4A9D-A47A-C375F0DE8ADC}.Release|Any CPU.ActiveCfg = Release|Win32
		{BA92561F-0CB1-4A9D-A47A-C375F0DE8ADC}.Release|Mixed Platforms.ActiveCfg = Release|Win32
		{BA92561F-0CB1-4A9D-A47A-C375F0DE8ADC}.Release|Mixed Platforms.Build.0 = Release|Win32
		{BA92561F-0CB1-4A9D-A47A-C375F0DE8ADC}.Release|Win32.ActiveCfg = Release|Win32
		{BA92561F-0CB1-4A9D-A47A-C375F0DE8ADC}.Release|Win32.Build.0 = Release|Win32
		{5CFB0EE7-BA60-402D-997E-4B5805A4F4BA}.Debug|Any CPU.ActiveCfg = DVD-5
		{5CFB0EE7-BA60-402D-997E-4B5805A4F4BA}.Debug|Mixed Platforms.ActiveCfg = DVD-5
		{5CFB0EE7-BA60-402D-997E-4B5805A4F4BA}.Debug|Win32.ActiveCfg = DVD-5
		{5CFB0EE7-BA60-402D-997E-4B5805A4F4BA}.Debug|Win32.Build.0 = DVD-5
		{5CFB0EE7-BA60-402D-997E-4B5805A4F4BA}.Release|Any CPU.ActiveCfg = SingleImage
		{5CFB0EE7-BA60-402D-997E-4B5805A4F4BA}.Release|Mixed Platforms.ActiveCfg = SingleImage
		{5CFB0EE7-BA60-402D-997E-4B5805A4F4BA}.Release|Win32.ActiveCfg = SingleImage
		{5CFB0EE7-BA60-402D-997E-4B5805A4F4BA}.Release|Win32.Build.0 = SingleImage
		{3DA913E6-C757-420E-9F5E-503F4C4794BD}.Debug|Any CPU.ActiveCfg = Debug|x86
		{3DA913E6-C757-420E-9F5E-503F4C4794BD}.Debug|Mixed Platforms.ActiveCfg = Debug|x86
		{3DA913E6-C757-420E-9F5E-503F4C4794BD}.Debug|Mixed Platforms.Build.0 = Debug|x86
		{3DA913E6-C757-420E-9F5E-503F4C4794BD}.Debug|Win32.ActiveCfg = Debug|x86
		{3DA913E6-C757-420E-9F5E-503F4C4794BD}.Debug|Win32.Build.0 = Debug|x86
		{3DA913E6-C757-420E-9F5E-503F4C4794BD}.Release|Any CPU.ActiveCfg = Release|x86
		{3DA913E6-C757-420E-9F5E-503F4C4794BD}.Release|Mixed Platforms.ActiveCfg = Release|x86
		{3DA913E6-C757-420E-9F5E-503F4C4794BD}.Release|Mixed Platforms.Build.0 = Release|x86
		{3DA913E6-C757-420E-9F5E-503F4C4794BD}.Release|Win32.ActiveCfg = Release|x86
		{3DA913E6-C757-420E-9F5E-503F4C4794BD}.Release|Win32.Build.0 = Release|x86
		{38F94816-A713-44DB-BD64-0794F85FACD7}.Debug|Any CPU.ActiveCfg = Debug|Win32
		{38F94816-A713-44DB-BD64-0794F85FACD7}.Debug|Mixed Platforms.ActiveCfg = Debug|Win32
		{38F94816-A713-44DB-BD64-0794F85FACD7}.Debug|Mixed Platforms.Build.0 = Debug|Win32
		{38F94816-A713-44DB-BD64-0794F85FACD7}.Debug|Win32.ActiveCfg = Debug|Win32
		{38F94816-A713-44DB-BD64-0794F85FACD7}.Debug|Win32.Build.0 = Debug|Win32
		{38F94816-A713-44DB-BD64-0794F85FACD7}.Release|Any CPU.ActiveCfg = Release|Win32
		{38F94816-A713-44DB-BD64-0794F85FACD7}.Release|Mixed Platforms.ActiveCfg = Release|Win32
		{38F94816-A713-44DB-BD64-0794F85FACD7}.Release|Mixed Platforms.Build.0 = Release|Win32
		{38F94816-A713-44DB-BD64-0794F85FACD7}.Release|Win32.ActiveCfg = Release|Win32
		{38F94816-A713-44DB-BD64-0794F85FACD7}.Release|Win32.Build.0 = Release|Win32
		{299FD6CC-916F-4872-A6B0-05DAC19CDD3B}.Debug|Any CPU.ActiveCfg = Debug|Any CPU
		{299FD6CC-916F-4872-A6B0-05DAC19CDD3B}.Debug|Any CPU.Build.0 = Debug|Any CPU
		{299FD6CC-916F-4872-A6B0-05DAC19CDD3B}.Debug|Mixed Platforms.ActiveCfg = Debug|Any CPU
		{299FD6CC-916F-4872-A6B0-05DAC19CDD3B}.Debug|Mixed Platforms.Build.0 = Debug|Any CPU
		{299FD6CC-916F-4872-A6B0-05DAC19CDD3B}.Debug|Win32.ActiveCfg = Debug|Any CPU
		{299FD6CC-916F-4872-A6B0-05DAC19CDD3B}.Release|Any CPU.ActiveCfg = Release|Any CPU
		{299FD6CC-916F-4872-A6B0-05DAC19CDD3B}.Release|Any CPU.Build.0 = Release|Any CPU
		{299FD6CC-916F-4872-A6B0-05DAC19CDD3B}.Release|Mixed Platforms.ActiveCfg = Release|Any CPU
		{299FD6CC-916F-4872-A6B0-05DAC19CDD3B}.Release|Mixed Platforms.Build.0 = Release|Any CPU
		{299FD6CC-916F-4872-A6B0-05DAC19CDD3B}.Release|Win32.ActiveCfg = Release|Any CPU
	EndGlobalSection
	GlobalSection(SolutionProperties) = preSolution
		HideSolutionNode = FALSE
	EndGlobalSection
	GlobalSection(Performance) = preSolution
		HasPerformanceSessions = true
	EndGlobalSection
EndGlobal
